// !$*UTF8*$!
{
	archiveVersion = 1;
	classes = {
	};
	objectVersion = 46;
	objects = {

/* Begin PBXBuildFile section */
		BF2AB79D1E6AA2FE00CE34E9 /* ItemStore.swift in Sources */ = {isa = PBXBuildFile; fileRef = BF2AB79C1E6AA2FE00CE34E9 /* ItemStore.swift */; };
		BF7FE3B21E6A75AC00AF3C4F /* Item.swift in Sources */ = {isa = PBXBuildFile; fileRef = BF7FE3B11E6A75AC00AF3C4F /* Item.swift */; };
		BF8226CF1E69BB360060D270 /* AppDelegate.swift in Sources */ = {isa = PBXBuildFile; fileRef = BF8226CE1E69BB360060D270 /* AppDelegate.swift */; };
		BF8226D41E69BB360060D270 /* Main.storyboard in Resources */ = {isa = PBXBuildFile; fileRef = BF8226D21E69BB360060D270 /* Main.storyboard */; };
		BF8226D61E69BB360060D270 /* Assets.xcassets in Resources */ = {isa = PBXBuildFile; fileRef = BF8226D51E69BB360060D270 /* Assets.xcassets */; };
		BF8226D91E69BB360060D270 /* LaunchScreen.storyboard in Resources */ = {isa = PBXBuildFile; fileRef = BF8226D71E69BB360060D270 /* LaunchScreen.storyboard */; };
		BFB7A6B91E6A59F800269A15 /* ItemsViewController.swift in Sources */ = {isa = PBXBuildFile; fileRef = BFB7A6B81E6A59F800269A15 /* ItemsViewController.swift */; };
		BFBFA8A81E6B328B00CE568F /* TableViewController.swift in Sources */ = {isa = PBXBuildFile; fileRef = BFBFA8A71E6B328B00CE568F /* TableViewController.swift */; };
/* End PBXBuildFile section */

/* Begin PBXFileReference section */
		BF2AB79C1E6AA2FE00CE34E9 /* ItemStore.swift */ = {isa = PBXFileReference; fileEncoding = 4; lastKnownFileType = sourcecode.swift; path = ItemStore.swift; sourceTree = "<group>"; };
		BF7FE3B11E6A75AC00AF3C4F /* Item.swift */ = {isa = PBXFileReference; fileEncoding = 4; lastKnownFileType = sourcecode.swift; path = Item.swift; sourceTree = "<group>"; };
		BF8226CB1E69BB360060D270 /* Homepwner.app */ = {isa = PBXFileReference; explicitFileType = wrapper.application; includeInIndex = 0; path = Homepwner.app; sourceTree = BUILT_PRODUCTS_DIR; };
		BF8226CE1E69BB360060D270 /* AppDelegate.swift */ = {isa = PBXFileReference; lastKnownFileType = sourcecode.swift; path = AppDelegate.swift; sourceTree = "<group>"; };
		BF8226D31E69BB360060D270 /* Base */ = {isa = PBXFileReference; lastKnownFileType = file.storyboard; name = Base; path = Base.lproj/Main.storyboard; sourceTree = "<group>"; };
		BF8226D51E69BB360060D270 /* Assets.xcassets */ = {isa = PBXFileReference; lastKnownFileType = folder.assetcatalog; path = Assets.xcassets; sourceTree = "<group>"; };
		BF8226D81E69BB360060D270 /* Base */ = {isa = PBXFileReference; lastKnownFileType = file.storyboard; name = Base; path = Base.lproj/LaunchScreen.storyboard; sourceTree = "<group>"; };
		BF8226DA1E69BB360060D270 /* Info.plist */ = {isa = PBXFileReference; lastKnownFileType = text.plist.xml; path = Info.plist; sourceTree = "<group>"; };
		BFB7A6B81E6A59F800269A15 /* ItemsViewController.swift */ = {isa = PBXFileReference; fileEncoding = 4; lastKnownFileType = sourcecode.swift; path = ItemsViewController.swift; sourceTree = "<group>"; };
		BFBFA8A71E6B328B00CE568F /* TableViewController.swift */ = {isa = PBXFileReference; fileEncoding = 4; lastKnownFileType = sourcecode.swift; path = TableViewController.swift; sourceTree = "<group>"; };
/* End PBXFileReference section */

/* Begin PBXFrameworksBuildPhase section */
		BF8226C81E69BB360060D270 /* Frameworks */ = {
			isa = PBXFrameworksBuildPhase;
			buildActionMask = 2147483647;
			files = (
			);
			runOnlyForDeploymentPostprocessing = 0;
		};
/* End PBXFrameworksBuildPhase section */

/* Begin PBXGroup section */
		BF8226C21E69BB360060D270 = {
			isa = PBXGroup;
			children = (
				BF8226CD1E69BB360060D270 /* Homepwner */,
				BF8226CC1E69BB360060D270 /* Products */,
			);
			sourceTree = "<group>";
		};
		BF8226CC1E69BB360060D270 /* Products */ = {
			isa = PBXGroup;
			children = (
				BF8226CB1E69BB360060D270 /* Homepwner.app */,
			);
			name = Products;
			sourceTree = "<group>";
		};
		BF8226CD1E69BB360060D270 /* Homepwner */ = {
			isa = PBXGroup;
			children = (
				BF8226CE1E69BB360060D270 /* AppDelegate.swift */,
				BF8226D21E69BB360060D270 /* Main.storyboard */,
				BFBFA8A71E6B328B00CE568F /* TableViewController.swift */,
				BF7FE3B11E6A75AC00AF3C4F /* Item.swift */,
				BF2AB79C1E6AA2FE00CE34E9 /* ItemStore.swift */,
				BF8226D51E69BB360060D270 /* Assets.xcassets */,
				BF8226D71E69BB360060D270 /* LaunchScreen.storyboard */,
				BF8226DA1E69BB360060D270 /* Info.plist */,
				BFB7A6B81E6A59F800269A15 /* ItemsViewController.swift */,
			);
			path = Homepwner;
			sourceTree = "<group>";
		};
/* End PBXGroup section */

/* Begin PBXNativeTarget section */
		BF8226CA1E69BB360060D270 /* Homepwner */ = {
			isa = PBXNativeTarget;
			buildConfigurationList = BF8226DD1E69BB360060D270 /* Build configuration list for PBXNativeTarget "Homepwner" */;
			buildPhases = (
				BF8226C71E69BB360060D270 /* Sources */,
				BF8226C81E69BB360060D270 /* Frameworks */,
				BF8226C91E69BB360060D270 /* Resources */,
			);
			buildRules = (
			);
			dependencies = (
			);
			name = Homepwner;
			productName = Homepwner;
			productReference = BF8226CB1E69BB360060D270 /* Homepwner.app */;
			productType = "com.apple.product-type.application";
		};
/* End PBXNativeTarget section */

/* Begin PBXProject section */
		BF8226C31E69BB360060D270 /* Project object */ = {
			isa = PBXProject;
			attributes = {
				LastSwiftUpdateCheck = 0820;
				LastUpgradeCheck = 0820;
				ORGANIZATIONNAME = yunaz;
				TargetAttributes = {
					BF8226CA1E69BB360060D270 = {
						CreatedOnToolsVersion = 8.2.1;
						DevelopmentTeam = ZK2PYWTP5V;
						ProvisioningStyle = Automatic;
					};
				};
			};
			buildConfigurationList = BF8226C61E69BB360060D270 /* Build configuration list for PBXProject "Homepwner" */;
			compatibilityVersion = "Xcode 3.2";
			developmentRegion = English;
			hasScannedForEncodings = 0;
			knownRegions = (
				en,
				Base,
			);
			mainGroup = BF8226C21E69BB360060D270;
			productRefGroup = BF8226CC1E69BB360060D270 /* Products */;
			projectDirPath = "";
			projectRoot = "";
			targets = (
				BF8226CA1E69BB360060D270 /* Homepwner */,
			);
		};
/* End PBXProject section */

/* Begin PBXResourcesBuildPhase section */
		BF8226C91E69BB360060D270 /* Resources */ = {
			isa = PBXResourcesBuildPhase;
			buildActionMask = 2147483647;
			files = (
				BF8226D91E69BB360060D270 /* LaunchScreen.storyboard in Resources */,
				BF8226D61E69BB360060D270 /* Assets.xcassets in Resources */,
				BF8226D41E69BB360060D270 /* Main.storyboard in Resources */,
			);
			runOnlyForDeploymentPostprocessing = 0;
		};
/* End PBXResourcesBuildPhase section */

/* Begin PBXSourcesBuildPhase section */
		BF8226C71E69BB360060D270 /* Sources */ = {
			isa = PBXSourcesBuildPhase;
			buildActionMask = 2147483647;
			files = (
				BFB7A6B91E6A59F800269A15 /* ItemsViewController.swift in Sources */,
				BF7FE3B21E6A75AC00AF3C4F /* Item.swift in Sources */,
				BF2AB79D1E6AA2FE00CE34E9 /* ItemStore.swift in Sources */,
				BFBFA8A81E6B328B00CE568F /* TableViewController.swift in Sources */,
				BF8226CF1E69BB360060D270 /* AppDelegate.swift in Sources */,
			);
			runOnlyForDeploymentPostprocessing = 0;
		};
/* End PBXSourcesBuildPhase section */

/* Begin PBXVariantGroup section */
		BF8226D21E69BB360060D270 /* Main.storyboard */ = {
			isa = PBXVariantGroup;
			children = (
				BF8226D31E69BB360060D270 /* Base */,
			);
			name = Main.storyboard;
			sourceTree = "<group>";
		};
		BF8226D71E69BB360060D270 /* LaunchScreen.storyboard */ = {
			isa = PBXVariantGroup;
			children = (
				BF8226D81E69BB360060D270 /* Base */,
			);
			name = LaunchScreen.storyboard;
			sourceTree = "<group>";
		};
/* End PBXVariantGroup section */

/* Begin XCBuildConfiguration section */
		BF8226DB1E69BB360060D270 /* Debug */ = {
			isa = XCBuildConfiguration;
			buildSettings = {
				ALWAYS_SEARCH_USER_PATHS = NO;
				CLANG_ANALYZER_NONNULL = YES;
				CLANG_CXX_LANGUAGE_STANDARD = "gnu++0x";
				CLANG_CXX_LIBRARY = "libc++";
				CLANG_ENABLE_MODULES = YES;
				CLANG_ENABLE_OBJC_ARC = YES;
				CLANG_WARN_BOOL_CONVERSION = YES;
				CLANG_WARN_CONSTANT_CONVERSION = YES;
				CLANG_WARN_DIRECT_OBJC_ISA_USAGE = YES_ERROR;
				CLANG_WARN_DOCUMENTATION_COMMENTS = YES;
				CLANG_WARN_EMPTY_BODY = YES;
				CLANG_WARN_ENUM_CONVERSION = YES;
				CLANG_WARN_INFINITE_RECURSION = YES;
				CLANG_WARN_INT_CONVERSION = YES;
				CLANG_WARN_OBJC_ROOT_CLASS = YES_ERROR;
				CLANG_WARN_SUSPICIOUS_MOVE = YES;
				CLANG_WARN_UNREACHABLE_CODE = YES;
				CLANG_WARN__DUPLICATE_METHOD_MATCH = YES;
				"CODE_SIGN_IDENTITY[sdk=iphoneos*]" = "iPhone Developer";
				COPY_PHASE_STRIP = NO;
				DEBUG_INFORMATION_FORMAT = dwarf;
				ENABLE_STRICT_OBJC_MSGSEND = YES;
				ENABLE_TESTABILITY = YES;
				GCC_C_LANGUAGE_STANDARD = gnu99;
				GCC_DYNAMIC_NO_PIC = NO;
				GCC_NO_COMMON_BLOCKS = YES;
				GCC_OPTIMIZATION_LEVEL = 0;
				GCC_PREPROCESSOR_DEFINITIONS = (
					"DEBUG=1",
					"$(inherited)",
				);
				GCC_WARN_64_TO_32_BIT_CONVERSION = YES;
				GCC_WARN_ABOUT_RETURN_TYPE = YES_ERROR;
				GCC_WARN_UNDECLARED_SELECTOR = YES;
				GCC_WARN_UNINITIALIZED_AUTOS = YES_AGGRESSIVE;
				GCC_WARN_UNUSED_FUNCTION = YES;
				GCC_WARN_UNUSED_VARIABLE = YES;
				IPHONEOS_DEPLOYMENT_TARGET = 10.2;
				MTL_ENABLE_DEBUG_INFO = YES;
				ONLY_ACTIVE_ARCH = YES;
				SDKROOT = iphoneos;
				SWIFT_ACTIVE_COMPILATION_CONDITIONS = DEBUG;
				SWIFT_OPTIMIZATION_LEVEL = "-Onone";
			};
			name = Debug;
		};
		BF8226DC1E69BB360060D270 /* Release */ = {
			isa = XCBuildConfiguration;
			buildSettings = {
				ALWAYS_SEARCH_USER_PATHS = NO;
				CLANG_ANALYZER_NONNULL = YES;
				CLANG_CXX_LANGUAGE_STANDARD = "gnu++0x";
				CLANG_CXX_LIBRARY = "libc++";
				CLANG_ENABLE_MODULES = YES;
				CLANG_ENABLE_OBJC_ARC = YES;
				CLANG_WARN_BOOL_CONVERSION = YES;
				CLANG_WARN_CONSTANT_CONVERSION = YES;
				CLANG_WARN_DIRECT_OBJC_ISA_USAGE = YES_ERROR;
				CLANG_WARN_DOCUMENTATION_COMMENTS = YES;
				CLANG_WARN_EMPTY_BODY = YES;
				CLANG_WARN_ENUM_CONVERSION = YES;
				CLANG_WARN_INFINITE_RECURSION = YES;
				CLANG_WARN_INT_CONVERSION = YES;
				CLANG_WARN_OBJC_ROOT_CLASS = YES_ERROR;
				CLANG_WARN_SUSPICIOUS_MOVE = YES;
				CLANG_WARN_UNREACHABLE_CODE = YES;
				CLANG_WARN__DUPLICATE_METHOD_MATCH = YES;
				"CODE_SIGN_IDENTITY[sdk=iphoneos*]" = "iPhone Developer";
				COPY_PHASE_STRIP = NO;
				DEBUG_INFORMATION_FORMAT = "dwarf-with-dsym";
				ENABLE_NS_ASSERTIONS = NO;
				ENABLE_STRICT_OBJC_MSGSEND = YES;
				GCC_C_LANGUAGE_STANDARD = gnu99;
				GCC_NO_COMMON_BLOCKS = YES;
				GCC_WARN_64_TO_32_BIT_CONVERSION = YES;
				GCC_WARN_ABOUT_RETURN_TYPE = YES_ERROR;
				GCC_WARN_UNDECLARED_SELECTOR = YES;
				GCC_WARN_UNINITIALIZED_AUTOS = YES_AGGRESSIVE;
				GCC_WARN_UNUSED_FUNCTION = YES;
				GCC_WARN_UNUSED_VARIABLE = YES;
				IPHONEOS_DEPLOYMENT_TARGET = 10.2;
				MTL_ENABLE_DEBUG_INFO = NO;
				SDKROOT = iphoneos;
				SWIFT_OPTIMIZATION_LEVEL = "-Owholemodule";
				VALIDATE_PRODUCT = YES;
			};
			name = Release;
		};
		BF8226DE1E69BB360060D270 /* Debug */ = {
			isa = XCBuildConfiguration;
			buildSettings = {
				ASSETCATALOG_COMPILER_APPICON_NAME = AppIcon;
				DEVELOPMENT_TEAM = ZK2PYWTP5V;
				INFOPLIST_FILE = Homepwner/Info.plist;
				IPHONEOS_DEPLOYMENT_TARGET = 8.2;
				LD_RUNPATH_SEARCH_PATHS = "$(inherited) @executable_path/Frameworks";
				PRODUCT_BUNDLE_IDENTIFIER = net.yunaz.Homepwner;
				PRODUCT_NAME = "$(TARGET_NAME)";
				SWIFT_VERSION = 3.0;
			};
			name = Debug;
		};
		BF8226DF1E69BB360060D270 /* Release */ = {
			isa = XCBuildConfiguration;
			buildSettings = {
				ASSETCATALOG_COMPILER_APPICON_NAME = AppIcon;
				DEVELOPMENT_TEAM = ZK2PYWTP5V;
				INFOPLIST_FILE = Homepwner/Info.plist;
				IPHONEOS_DEPLOYMENT_TARGET = 8.2;
				LD_RUNPATH_SEARCH_PATHS = "$(inherited) @executable_path/Frameworks";
				PRODUCT_BUNDLE_IDENTIFIER = net.yunaz.Homepwner;
				PRODUCT_NAME = "$(TARGET_NAME)";
				SWIFT_VERSION = 3.0;
			};
			name = Release;
		};
/* End XCBuildConfiguration section */

/* Begin XCConfigurationList section */
		BF8226C61E69BB360060D270 /* Build configuration list for PBXProject "Homepwner" */ = {
			isa = XCConfigurationList;
			buildConfigurations = (
				BF8226DB1E69BB360060D270 /* Debug */,
				BF8226DC1E69BB360060D270 /* Release */,
			);
			defaultConfigurationIsVisible = 0;
			defaultConfigurationName = Release;
		};
		BF8226DD1E69BB360060D270 /* Build configuration list for PBXNativeTarget "Homepwner" */ = {
			isa = XCConfigurationList;
			buildConfigurations = (
				BF8226DE1E69BB360060D270 /* Debug */,
				BF8226DF1E69BB360060D270 /* Release */,
			);
			defaultConfigurationIsVisible = 0;
			defaultConfigurationName = Release;
		};
/* End XCConfigurationList section */
	};
	rootObject = BF8226C31E69BB360060D270 /* Project object */;
}
